# This file is automatically @generated by Cargo.
# It is not intended for manual editing.
version = 4

[[package]]
name = "fm-builtins"
version = "0.0.0"

[[package]]
name = "fm-cli"
version = "0.0.0"

[[package]]
name = "fm-core"
version = "0.0.0"

[[package]]
name = "fm-graphics"
version = "0.0.0"

[[package]]
name = "fm-interp"
version = "0.0.0"

[[package]]
name = "fm-io"
version = "0.0.0"

[[package]]
name = "fm-linalg"
version = "0.0.0"

[[package]]
name = "fm-parser"
version = "0.0.0"
